// !$*UTF8*$!
{
	archiveVersion = 1;
	classes = {
	};
	objectVersion = 55;
	objects = {

/* Begin PBXBuildFile section */
		C5BB63D4275AF4AC00C5B97C /* AppDelegate.swift in Sources */ = {isa = PBXBuildFile; fileRef = C5BB63D3275AF4AC00C5B97C /* AppDelegate.swift */; };
		C5BB63D6275AF4AC00C5B97C /* GameScene.sks in Resources */ = {isa = PBXBuildFile; fileRef = C5BB63D5275AF4AC00C5B97C /* GameScene.sks */; };
		C5BB63D8275AF4AC00C5B97C /* Actions.sks in Resources */ = {isa = PBXBuildFile; fileRef = C5BB63D7275AF4AC00C5B97C /* Actions.sks */; };
		C5BB63DA275AF4AC00C5B97C /* GameScene.swift in Sources */ = {isa = PBXBuildFile; fileRef = C5BB63D9275AF4AC00C5B97C /* GameScene.swift */; };
		C5BB63DC275AF4AC00C5B97C /* GameViewController.swift in Sources */ = {isa = PBXBuildFile; fileRef = C5BB63DB275AF4AC00C5B97C /* GameViewController.swift */; };
		C5BB63DF275AF4AC00C5B97C /* Main.storyboard in Resources */ = {isa = PBXBuildFile; fileRef = C5BB63DD275AF4AC00C5B97C /* Main.storyboard */; };
		C5BB63E1275AF4AD00C5B97C /* Assets.xcassets in Resources */ = {isa = PBXBuildFile; fileRef = C5BB63E0275AF4AD00C5B97C /* Assets.xcassets */; };
		C5BB63E4275AF4AD00C5B97C /* LaunchScreen.storyboard in Resources */ = {isa = PBXBuildFile; fileRef = C5BB63E2275AF4AD00C5B97C /* LaunchScreen.storyboard */; };
/* End PBXBuildFile section */

/* Begin PBXFileReference section */
		C5BB63D0275AF4AC00C5B97C /* DeadStormRaisingTV.app */ = {isa = PBXFileReference; explicitFileType = wrapper.application; includeInIndex = 0; path = DeadStormRaisingTV.app; sourceTree = BUILT_PRODUCTS_DIR; };
		C5BB63D3275AF4AC00C5B97C /* AppDelegate.swift */ = {isa = PBXFileReference; lastKnownFileType = sourcecode.swift; path = AppDelegate.swift; sourceTree = "<group>"; };
		C5BB63D5275AF4AC00C5B97C /* GameScene.sks */ = {isa = PBXFileReference; lastKnownFileType = file.sks; path = GameScene.sks; sourceTree = "<group>"; };
		C5BB63D7275AF4AC00C5B97C /* Actions.sks */ = {isa = PBXFileReference; lastKnownFileType = file.sks; path = Actions.sks; sourceTree = "<group>"; };
		C5BB63D9275AF4AC00C5B97C /* GameScene.swift */ = {isa = PBXFileReference; lastKnownFileType = sourcecode.swift; path = GameScene.swift; sourceTree = "<group>"; };
		C5BB63DB275AF4AC00C5B97C /* GameViewController.swift */ = {isa = PBXFileReference; lastKnownFileType = sourcecode.swift; path = GameViewController.swift; sourceTree = "<group>"; };
		C5BB63DE275AF4AC00C5B97C /* Base */ = {isa = PBXFileReference; lastKnownFileType = file.storyboard; name = Base; path = Base.lproj/Main.storyboard; sourceTree = "<group>"; };
		C5BB63E0275AF4AD00C5B97C /* Assets.xcassets */ = {isa = PBXFileReference; lastKnownFileType = folder.assetcatalog; path = Assets.xcassets; sourceTree = "<group>"; };
		C5BB63E3275AF4AD00C5B97C /* Base */ = {isa = PBXFileReference; lastKnownFileType = file.storyboard; name = Base; path = Base.lproj/LaunchScreen.storyboard; sourceTree = "<group>"; };
/* End PBXFileReference section */

/* Begin PBXFrameworksBuildPhase section */
		C5BB63CD275AF4AC00C5B97C /* Frameworks */ = {
			isa = PBXFrameworksBuildPhase;
			buildActionMask = 2147483647;
			files = (
			);
			runOnlyForDeploymentPostprocessing = 0;
		};
/* End PBXFrameworksBuildPhase section */

/* Begin PBXGroup section */
		C5BB63C7275AF4AC00C5B97C = {
			isa = PBXGroup;
			children = (
				C5BB63D2275AF4AC00C5B97C /* DeadStormRaisingTV */,
				C5BB63D1275AF4AC00C5B97C /* Products */,
			);
			sourceTree = "<group>";
		};
		C5BB63D1275AF4AC00C5B97C /* Products */ = {
			isa = PBXGroup;
			children = (
				C5BB63D0275AF4AC00C5B97C /* DeadStormRaisingTV.app */,
			);
			name = Products;
			sourceTree = "<group>";
		};
		C5BB63D2275AF4AC00C5B97C /* DeadStormRaisingTV */ = {
			isa = PBXGroup;
			children = (
				C5BB63D3275AF4AC00C5B97C /* AppDelegate.swift */,
				C5BB63D5275AF4AC00C5B97C /* GameScene.sks */,
				C5BB63D7275AF4AC00C5B97C /* Actions.sks */,
				C5BB63D9275AF4AC00C5B97C /* GameScene.swift */,
				C5BB63DB275AF4AC00C5B97C /* GameViewController.swift */,
				C5BB63DD275AF4AC00C5B97C /* Main.storyboard */,
				C5BB63E0275AF4AD00C5B97C /* Assets.xcassets */,
				C5BB63E2275AF4AD00C5B97C /* LaunchScreen.storyboard */,
			);
			path = DeadStormRaisingTV;
			sourceTree = "<group>";
		};
/* End PBXGroup section */

/* Begin PBXNativeTarget section */
		C5BB63CF275AF4AC00C5B97C /* DeadStormRaisingTV */ = {
			isa = PBXNativeTarget;
			buildConfigurationList = C5BB63E7275AF4AD00C5B97C /* Build configuration list for PBXNativeTarget "DeadStormRaisingTV" */;
			buildPhases = (
				C5BB63CC275AF4AC00C5B97C /* Sources */,
				C5BB63CD275AF4AC00C5B97C /* Frameworks */,
				C5BB63CE275AF4AC00C5B97C /* Resources */,
			);
			buildRules = (
			);
			dependencies = (
			);
			name = DeadStormRaisingTV;
			productName = DeadStormRaisingTV;
			productReference = C5BB63D0275AF4AC00C5B97C /* DeadStormRaisingTV.app */;
			productType = "com.apple.product-type.application";
		};
/* End PBXNativeTarget section */

/* Begin PBXProject section */
		C5BB63C8275AF4AC00C5B97C /* Project object */ = {
			isa = PBXProject;
			attributes = {
				BuildIndependentTargetsInParallel = 1;
				LastSwiftUpdateCheck = 1320;
				LastUpgradeCheck = 1320;
				TargetAttributes = {
					C5BB63CF275AF4AC00C5B97C = {
						CreatedOnToolsVersion = 13.2;
					};
				};
			};
			buildConfigurationList = C5BB63CB275AF4AC00C5B97C /* Build configuration list for PBXProject "DeadStormRaisingTV" */;
			compatibilityVersion = "Xcode 13.0";
			developmentRegion = en;
			hasScannedForEncodings = 0;
			knownRegions = (
				en,
				Base,
			);
			mainGroup = C5BB63C7275AF4AC00C5B97C;
			productRefGroup = C5BB63D1275AF4AC00C5B97C /* Products */;
			projectDirPath = "";
			projectRoot = "";
			targets = (
				C5BB63CF275AF4AC00C5B97C /* DeadStormRaisingTV */,
			);
		};
/* End PBXProject section */

/* Begin PBXResourcesBuildPhase section */
		C5BB63CE275AF4AC00C5B97C /* Resources */ = {
			isa = PBXResourcesBuildPhase;
			buildActionMask = 2147483647;
			files = (
				C5BB63DF275AF4AC00C5B97C /* Main.storyboard in Resources */,
				C5BB63D6275AF4AC00C5B97C /* GameScene.sks in Resources */,
				C5BB63E1275AF4AD00C5B97C /* Assets.xcassets in Resources */,
				C5BB63E4275AF4AD00C5B97C /* LaunchScreen.storyboard in Resources */,
				C5BB63D8275AF4AC00C5B97C /* Actions.sks in Resources */,
			);
			runOnlyForDeploymentPostprocessing = 0;
		};
/* End PBXResourcesBuildPhase section */

/* Begin PBXSourcesBuildPhase section */
		C5BB63CC275AF4AC00C5B97C /* Sources */ = {
			isa = PBXSourcesBuildPhase;
			buildActionMask = 2147483647;
			files = (
				C5BB63DA275AF4AC00C5B97C /* GameScene.swift in Sources */,
				C5BB63DC275AF4AC00C5B97C /* GameViewController.swift in Sources */,
				C5BB63D4275AF4AC00C5B97C /* AppDelegate.swift in Sources */,
			);
			runOnlyForDeploymentPostprocessing = 0;
		};
/* End PBXSourcesBuildPhase section */

/* Begin PBXVariantGroup section */
		C5BB63DD275AF4AC00C5B97C /* Main.storyboard */ = {
			isa = PBXVariantGroup;
			children = (
				C5BB63DE275AF4AC00C5B97C /* Base */,
			);
			name = Main.storyboard;
			sourceTree = "<group>";
		};
		C5BB63E2275AF4AD00C5B97C /* LaunchScreen.storyboard */ = {
			isa = PBXVariantGroup;
			children = (
				C5BB63E3275AF4AD00C5B97C /* Base */,
			);
			name = LaunchScreen.storyboard;
			sourceTree = "<group>";
		};
/* End PBXVariantGroup section */

/* Begin XCBuildConfiguration section */
		C5BB63E5275AF4AD00C5B97C /* Debug */ = {
			isa = XCBuildConfiguration;
			buildSettings = {
				ALWAYS_SEARCH_USER_PATHS = NO;
				CLANG_ANALYZER_NONNULL = YES;
				CLANG_ANALYZER_NUMBER_OBJECT_CONVERSION = YES_AGGRESSIVE;
				CLANG_CXX_LANGUAGE_STANDARD = "gnu++17";
				CLANG_CXX_LIBRARY = "libc++";
				CLANG_ENABLE_MODULES = YES;
				CLANG_ENABLE_OBJC_ARC = YES;
				CLANG_ENABLE_OBJC_WEAK = YES;
				CLANG_WARN_BLOCK_CAPTURE_AUTORELEASING = YES;
				CLANG_WARN_BOOL_CONVERSION = YES;
				CLANG_WARN_COMMA = YES;
				CLANG_WARN_CONSTANT_CONVERSION = YES;
				CLANG_WARN_DEPRECATED_OBJC_IMPLEMENTATIONS = YES;
				CLANG_WARN_DIRECT_OBJC_ISA_USAGE = YES_ERROR;
				CLANG_WARN_DOCUMENTATION_COMMENTS = YES;
				CLANG_WARN_EMPTY_BODY = YES;
				CLANG_WARN_ENUM_CONVERSION = YES;
				CLANG_WARN_INFINITE_RECURSION = YES;
				CLANG_WARN_INT_CONVERSION = YES;
				CLANG_WARN_NON_LITERAL_NULL_CONVERSION = YES;
				CLANG_WARN_OBJC_IMPLICIT_RETAIN_SELF = YES;
				CLANG_WARN_OBJC_LITERAL_CONVERSION = YES;
				CLANG_WARN_OBJC_ROOT_CLASS = YES_ERROR;
				CLANG_WARN_QUOTED_INCLUDE_IN_FRAMEWORK_HEADER = YES;
				CLANG_WARN_RANGE_LOOP_ANALYSIS = YES;
				CLANG_WARN_STRICT_PROTOTYPES = YES;
				CLANG_WARN_SUSPICIOUS_MOVE = YES;
				CLANG_WARN_UNGUARDED_AVAILABILITY = YES_AGGRESSIVE;
				CLANG_WARN_UNREACHABLE_CODE = YES;
				CLANG_WARN__DUPLICATE_METHOD_MATCH = YES;
				COPY_PHASE_STRIP = NO;
				DEBUG_INFORMATION_FORMAT = dwarf;
				ENABLE_STRICT_OBJC_MSGSEND = YES;
				ENABLE_TESTABILITY = YES;
				GCC_C_LANGUAGE_STANDARD = gnu11;
				GCC_DYNAMIC_NO_PIC = NO;
				GCC_NO_COMMON_BLOCKS = YES;
				GCC_OPTIMIZATION_LEVEL = 0;
				GCC_PREPROCESSOR_DEFINITIONS = (
					"DEBUG=1",
					"$(inherited)",
				);
				GCC_WARN_64_TO_32_BIT_CONVERSION = YES;
				GCC_WARN_ABOUT_RETURN_TYPE = YES_ERROR;
				GCC_WARN_UNDECLARED_SELECTOR = YES;
				GCC_WARN_UNINITIALIZED_AUTOS = YES_AGGRESSIVE;
				GCC_WARN_UNUSED_FUNCTION = YES;
				GCC_WARN_UNUSED_VARIABLE = YES;
				MTL_ENABLE_DEBUG_INFO = INCLUDE_SOURCE;
				MTL_FAST_MATH = YES;
				ONLY_ACTIVE_ARCH = YES;
				SDKROOT = appletvos;
				SWIFT_ACTIVE_COMPILATION_CONDITIONS = DEBUG;
				SWIFT_OPTIMIZATION_LEVEL = "-Onone";
				TVOS_DEPLOYMENT_TARGET = 15.2;
			};
			name = Debug;
		};
		C5BB63E6275AF4AD00C5B97C /* Release */ = {
			isa = XCBuildConfiguration;
			buildSettings = {
				ALWAYS_SEARCH_USER_PATHS = NO;
				CLANG_ANALYZER_NONNULL = YES;
				CLANG_ANALYZER_NUMBER_OBJECT_CONVERSION = YES_AGGRESSIVE;
				CLANG_CXX_LANGUAGE_STANDARD = "gnu++17";
				CLANG_CXX_LIBRARY = "libc++";
				CLANG_ENABLE_MODULES = YES;
				CLANG_ENABLE_OBJC_ARC = YES;
				CLANG_ENABLE_OBJC_WEAK = YES;
				CLANG_WARN_BLOCK_CAPTURE_AUTORELEASING = YES;
				CLANG_WARN_BOOL_CONVERSION = YES;
				CLANG_WARN_COMMA = YES;
				CLANG_WARN_CONSTANT_CONVERSION = YES;
				CLANG_WARN_DEPRECATED_OBJC_IMPLEMENTATIONS = YES;
				CLANG_WARN_DIRECT_OBJC_ISA_USAGE = YES_ERROR;
				CLANG_WARN_DOCUMENTATION_COMMENTS = YES;
				CLANG_WARN_EMPTY_BODY = YES;
				CLANG_WARN_ENUM_CONVERSION = YES;
				CLANG_WARN_INFINITE_RECURSION = YES;
				CLANG_WARN_INT_CONVERSION = YES;
				CLANG_WARN_NON_LITERAL_NULL_CONVERSION = YES;
				CLANG_WARN_OBJC_IMPLICIT_RETAIN_SELF = YES;
				CLANG_WARN_OBJC_LITERAL_CONVERSION = YES;
				CLANG_WARN_OBJC_ROOT_CLASS = YES_ERROR;
				CLANG_WARN_QUOTED_INCLUDE_IN_FRAMEWORK_HEADER = YES;
				CLANG_WARN_RANGE_LOOP_ANALYSIS = YES;
				CLANG_WARN_STRICT_PROTOTYPES = YES;
				CLANG_WARN_SUSPICIOUS_MOVE = YES;
				CLANG_WARN_UNGUARDED_AVAILABILITY = YES_AGGRESSIVE;
				CLANG_WARN_UNREACHABLE_CODE = YES;
				CLANG_WARN__DUPLICATE_METHOD_MATCH = YES;
				COPY_PHASE_STRIP = NO;
				DEBUG_INFORMATION_FORMAT = "dwarf-with-dsym";
				ENABLE_NS_ASSERTIONS = NO;
				ENABLE_STRICT_OBJC_MSGSEND = YES;
				GCC_C_LANGUAGE_STANDARD = gnu11;
				GCC_NO_COMMON_BLOCKS = YES;
				GCC_WARN_64_TO_32_BIT_CONVERSION = YES;
				GCC_WARN_ABOUT_RETURN_TYPE = YES_ERROR;
				GCC_WARN_UNDECLARED_SELECTOR = YES;
				GCC_WARN_UNINITIALIZED_AUTOS = YES_AGGRESSIVE;
				GCC_WARN_UNUSED_FUNCTION = YES;
				GCC_WARN_UNUSED_VARIABLE = YES;
				MTL_ENABLE_DEBUG_INFO = NO;
				MTL_FAST_MATH = YES;
				SDKROOT = appletvos;
				SWIFT_COMPILATION_MODE = wholemodule;
				SWIFT_OPTIMIZATION_LEVEL = "-O";
				TVOS_DEPLOYMENT_TARGET = 15.2;
				VALIDATE_PRODUCT = YES;
			};
			name = Release;
		};
		C5BB63E8275AF4AD00C5B97C /* Debug */ = {
			isa = XCBuildConfiguration;
			buildSettings = {
				ASSETCATALOG_COMPILER_APPICON_NAME = "App Icon & Top Shelf Image";
				ASSETCATALOG_COMPILER_GLOBAL_ACCENT_COLOR_NAME = AccentColor;
				CODE_SIGN_STYLE = Automatic;
				CURRENT_PROJECT_VERSION = 1;
				DEVELOPMENT_TEAM = YQR2E4PRF4;
				GENERATE_INFOPLIST_FILE = YES;
				INFOPLIST_KEY_UILaunchStoryboardName = LaunchScreen;
				INFOPLIST_KEY_UIMainStoryboardFile = Main;
				INFOPLIST_KEY_UIUserInterfaceStyle = Automatic;
				LD_RUNPATH_SEARCH_PATHS = (
					"$(inherited)",
					"@executable_path/Frameworks",
				);
				MARKETING_VERSION = 1.0;
				PRODUCT_BUNDLE_IDENTIFIER = com.2130Studios.DeadStormRaisingTV;
				PRODUCT_NAME = "$(TARGET_NAME)";
				SWIFT_EMIT_LOC_STRINGS = YES;
				SWIFT_VERSION = 5.0;
				TARGETED_DEVICE_FAMILY = 3;
			};
			name = Debug;
		};
		C5BB63E9275AF4AD00C5B97C /* Release */ = {
			isa = XCBuildConfiguration;
			buildSettings = {
				ASSETCATALOG_COMPILER_APPICON_NAME = "App Icon & Top Shelf Image";
				ASSETCATALOG_COMPILER_GLOBAL_ACCENT_COLOR_NAME = AccentColor;
				CODE_SIGN_STYLE = Automatic;
				CURRENT_PROJECT_VERSION = 1;
				DEVELOPMENT_TEAM = YQR2E4PRF4;
				GENERATE_INFOPLIST_FILE = YES;
				INFOPLIST_KEY_UILaunchStoryboardName = LaunchScreen;
				INFOPLIST_KEY_UIMainStoryboardFile = Main;
				INFOPLIST_KEY_UIUserInterfaceStyle = Automatic;
				LD_RUNPATH_SEARCH_PATHS = (
					"$(inherited)",
					"@executable_path/Frameworks",
				);
				MARKETING_VERSION = 1.0;
				PRODUCT_BUNDLE_IDENTIFIER = com.2130Studios.DeadStormRaisingTV;
				PRODUCT_NAME = "$(TARGET_NAME)";
				SWIFT_EMIT_LOC_STRINGS = YES;
				SWIFT_VERSION = 5.0;
				TARGETED_DEVICE_FAMILY = 3;
			};
			name = Release;
		};
/* End XCBuildConfiguration section */

/* Begin XCConfigurationList section */
		C5BB63CB275AF4AC00C5B97C /* Build configuration list for PBXProject "DeadStormRaisingTV" */ = {
			isa = XCConfigurationList;
			buildConfigurations = (
				C5BB63E5275AF4AD00C5B97C /* Debug */,
				C5BB63E6275AF4AD00C5B97C /* Release */,
			);
			defaultConfigurationIsVisible = 0;
			defaultConfigurationName = Release;
		};
		C5BB63E7275AF4AD00C5B97C /* Build configuration list for PBXNativeTarget "DeadStormRaisingTV" */ = {
			isa = XCConfigurationList;
			buildConfigurations = (
				C5BB63E8275AF4AD00C5B97C /* Debug */,
				C5BB63E9275AF4AD00C5B97C /* Release */,
			);
			defaultConfigurationIsVisible = 0;
			defaultConfigurationName = Release;
		};
/* End XCConfigurationList section */
	};
	rootObject = C5BB63C8275AF4AC00C5B97C /* Project object */;
}
